# THIS IS AN AUTOGENERATED FILE. DO NOT EDIT THIS FILE DIRECTLY.
# yarn lockfile v1


"@types/async@2.0.49":
  version "2.0.49"
  resolved "https://registry.yarnpkg.com/@types/async/-/async-2.0.49.tgz#92e33d13f74c895cb9a7f38ba97db8431ed14bc0"

"@types/events@*":
  version "1.2.0"
  resolved "https://registry.yarnpkg.com/@types/events/-/events-1.2.0.tgz#81a6731ce4df43619e5c8c945383b3e62a89ea86"

"@types/graphql@0.12.6":
  version "0.12.6"
  resolved "https://registry.yarnpkg.com/@types/graphql/-/graphql-0.12.6.tgz#3d619198585fcabe5f4e1adfb5cf5f3388c66c13"

"@types/node@*":
  version "10.7.1"
  resolved "https://registry.yarnpkg.com/@types/node/-/node-10.7.1.tgz#b704d7c259aa40ee052eec678758a68d07132a2e"

"@types/ws@^6.0.0":
  version "6.0.0"
  resolved "https://registry.yarnpkg.com/@types/ws/-/ws-6.0.0.tgz#4787c4194c29cc6361208dcf4e580e208794e012"
  dependencies:
    "@types/events" "*"
    "@types/node" "*"

"@types/zen-observable@^0.8.0":
  version "0.8.0"
  resolved "https://registry.yarnpkg.com/@types/zen-observable/-/zen-observable-0.8.0.tgz#8b63ab7f1aa5321248aad5ac890a485656dcea4d"

apollo-cache-inmemory@^1.2.7:
  version "1.2.7"
  resolved "https://registry.yarnpkg.com/apollo-cache-inmemory/-/apollo-cache-inmemory-1.2.7.tgz#80517c4b5e910022ab8d318f47d9364f99db8541"
  dependencies:
    apollo-cache "^1.1.14"
    apollo-utilities "^1.0.18"
    graphql-anywhere "^4.1.16"

apollo-cache@^1.1.14:
  version "1.1.14"
  resolved "https://registry.yarnpkg.com/apollo-cache/-/apollo-cache-1.1.14.tgz#c7d54cdbc7f544161f78fa5e4bae56650e22f7ad"
  dependencies:
    apollo-utilities "^1.0.18"

apollo-client@^2.3.8:
  version "2.3.8"
  resolved "https://registry.yarnpkg.com/apollo-client/-/apollo-client-2.3.8.tgz#0384a7210eb601ab88b1c13750da076fc9255b95"
  dependencies:
    "@types/zen-observable" "^0.8.0"
    apollo-cache "^1.1.14"
    apollo-link "^1.0.0"
    apollo-link-dedup "^1.0.0"
    apollo-utilities "^1.0.18"
    symbol-observable "^1.0.2"
    zen-observable "^0.8.0"
  optionalDependencies:
    "@types/async" "2.0.49"

apollo-link-dedup@^1.0.0:
  version "1.0.9"
  resolved "https://registry.yarnpkg.com/apollo-link-dedup/-/apollo-link-dedup-1.0.9.tgz#3c4e4af88ef027cbddfdb857c043fd0574051dad"
  dependencies:
    apollo-link "^1.2.2"

apollo-link-error@^1.1.0:
  version "1.1.0"
  resolved "https://registry.yarnpkg.com/apollo-link-error/-/apollo-link-error-1.1.0.tgz#ef8a64411361314364db40c1d4023b987a84860f"
  dependencies:
    apollo-link "^1.2.2"

apollo-link-http-common@^0.2.4:
  version "0.2.4"
  resolved "https://registry.yarnpkg.com/apollo-link-http-common/-/apollo-link-http-common-0.2.4.tgz#877603f7904dc8f70242cac61808b1f8d034b2c3"
  dependencies:
    apollo-link "^1.2.2"

apollo-link-http@^1.5.4:
  version "1.5.4"
  resolved "https://registry.yarnpkg.com/apollo-link-http/-/apollo-link-http-1.5.4.tgz#b80b7b4b342c655b6a5614624b076a36be368f43"
  dependencies:
    apollo-link "^1.2.2"
    apollo-link-http-common "^0.2.4"

apollo-link-ws@^1.0.8:
  version "1.0.8"
  resolved "https://registry.yarnpkg.com/apollo-link-ws/-/apollo-link-ws-1.0.8.tgz#ac1de8f29e92418728479a9a523af9f75b9ccc8b"
  dependencies:
    apollo-link "^1.2.2"

apollo-link@^1.0.0, apollo-link@^1.2.2:
  version "1.2.2"
  resolved "https://registry.yarnpkg.com/apollo-link/-/apollo-link-1.2.2.tgz#54c84199b18ac1af8d63553a68ca389c05217a03"
  dependencies:
    "@types/graphql" "0.12.6"
    apollo-utilities "^1.0.0"
    zen-observable-ts "^0.8.9"

apollo-utilities@^1.0.0, apollo-utilities@^1.0.18:
  version "1.0.18"
  resolved "https://registry.yarnpkg.com/apollo-utilities/-/apollo-utilities-1.0.18.tgz#e4ee91534283fde2b744a26caaea120fe6a94f67"
  dependencies:
    fast-json-stable-stringify "^2.0.0"

async-limiter@~1.0.0:
  version "1.0.0"
  resolved "https://registry.yarnpkg.com/async-limiter/-/async-limiter-1.0.0.tgz#78faed8c3d074ab81f22b4e985d79e8738f720f8"

backo2@^1.0.2:
  version "1.0.2"
  resolved "https://registry.yarnpkg.com/backo2/-/backo2-1.0.2.tgz#31ab1ac8b129363463e35b3ebb69f4dfcfba7947"

eventemitter3@^3.1.0:
  version "3.1.0"
  resolved "https://registry.yarnpkg.com/eventemitter3/-/eventemitter3-3.1.0.tgz#090b4d6cdbd645ed10bf750d4b5407942d7ba163"

fast-json-stable-stringify@^2.0.0:
  version "2.0.0"
  resolved "https://registry.yarnpkg.com/fast-json-stable-stringify/-/fast-json-stable-stringify-2.0.0.tgz#d5142c0caee6b1189f87d3a76111064f86c8bbf2"

graphql-anywhere@^4.1.16:
  version "4.1.16"
  resolved "https://registry.yarnpkg.com/graphql-anywhere/-/graphql-anywhere-4.1.16.tgz#82bb59643e30183cfb7b485ed4262a7b39d8a6c1"
  dependencies:
    apollo-utilities "^1.0.18"

graphql@^0.13.2:
  version "0.13.2"
  resolved "https://registry.yarnpkg.com/graphql/-/graphql-0.13.2.tgz#4c740ae3c222823e7004096f832e7b93b2108270"
  dependencies:
    iterall "^1.2.1"

iterall@^1.2.1:
  version "1.2.2"
  resolved "https://registry.yarnpkg.com/iterall/-/iterall-1.2.2.tgz#92d70deb8028e0c39ff3164fdbf4d8b088130cd7"

subscriptions-transport-ws@^0.9.14:
  version "0.9.14"
  resolved "https://registry.yarnpkg.com/subscriptions-transport-ws/-/subscriptions-transport-ws-0.9.14.tgz#a39e08edba89ee4cfd95f30484c55d865f5d8451"
  dependencies:
    backo2 "^1.0.2"
    eventemitter3 "^3.1.0"
    iterall "^1.2.1"
    symbol-observable "^1.0.4"
    ws "^5.2.0"

symbol-observable@^1.0.2, symbol-observable@^1.0.4:
  version "1.2.0"
  resolved "https://registry.yarnpkg.com/symbol-observable/-/symbol-observable-1.2.0.tgz#c22688aed4eab3cdc2dfeacbb561660560a00804"

typescript@^3.0.1:
  version "3.0.1"
  resolved "https://registry.yarnpkg.com/typescript/-/typescript-3.0.1.tgz#43738f29585d3a87575520a4b93ab6026ef11fdb"

ws@^5.2.0:
  version "5.2.2"
  resolved "https://registry.yarnpkg.com/ws/-/ws-5.2.2.tgz#dffef14866b8e8dc9133582514d1befaf96e980f"
  dependencies:
    async-limiter "~1.0.0"

zen-observable-ts@^0.8.9:
  version "0.8.9"
  resolved "https://registry.yarnpkg.com/zen-observable-ts/-/zen-observable-ts-0.8.9.tgz#d3c97af08c0afdca37ebcadf7cc3ee96bda9bab1"
  dependencies:
    zen-observable "^0.8.0"

zen-observable@^0.8.0:
  version "0.8.9"
  resolved "https://registry.yarnpkg.com/zen-observable/-/zen-observable-0.8.9.tgz#0475c760ff0eda046bbdfa4dc3f95d392807ac53"
